// !$*UTF8*$!
{
	archiveVersion = 1;
	classes = {
	};
	objectVersion = 50;
	objects = {

/* Begin PBXBuildFile section */
		5E0CBDF722CCEE5100DC17FD /* Eventlayout.m in Sources */ = {isa = PBXBuildFile; fileRef = 5E0CBDF622CCEE5100DC17FD /* Eventlayout.m */; };
		5E0CBDFA22CCEF5500DC17FD /* GridLine.m in Sources */ = {isa = PBXBuildFile; fileRef = 5E0CBDF922CCEF5500DC17FD /* GridLine.m */; };
		5E0CBDFD22CCEF6A00DC17FD /* TimeLabel.m in Sources */ = {isa = PBXBuildFile; fileRef = 5E0CBDFC22CCEF6A00DC17FD /* TimeLabel.m */; };
		5E0CBE0022CCEF8100DC17FD /* CurrentTime.m in Sources */ = {isa = PBXBuildFile; fileRef = 5E0CBDFF22CCEF8100DC17FD /* CurrentTime.m */; };
		5E0CBE0322CCF08200DC17FD /* DayEventViewManager.m in Sources */ = {isa = PBXBuildFile; fileRef = 5E0CBE0222CCF08200DC17FD /* DayEventViewManager.m */; };
		5E0CBE0622CCF23200DC17FD /* EventCollectionViewCell.m in Sources */ = {isa = PBXBuildFile; fileRef = 5E0CBE0522CCF23200DC17FD /* EventCollectionViewCell.m */; };
		5E2FE10522CBE465001AFB4B /* AppDelegate.m in Sources */ = {isa = PBXBuildFile; fileRef = 5E2FE10422CBE465001AFB4B /* AppDelegate.m */; };
		5E2FE10822CBE465001AFB4B /* ViewController.m in Sources */ = {isa = PBXBuildFile; fileRef = 5E2FE10722CBE465001AFB4B /* ViewController.m */; };
		5E2FE10B22CBE465001AFB4B /* Main.storyboard in Resources */ = {isa = PBXBuildFile; fileRef = 5E2FE10922CBE465001AFB4B /* Main.storyboard */; };
		5E2FE10D22CBE468001AFB4B /* Assets.xcassets in Resources */ = {isa = PBXBuildFile; fileRef = 5E2FE10C22CBE468001AFB4B /* Assets.xcassets */; };
		5E2FE11022CBE468001AFB4B /* LaunchScreen.storyboard in Resources */ = {isa = PBXBuildFile; fileRef = 5E2FE10E22CBE468001AFB4B /* LaunchScreen.storyboard */; };
		5E2FE11322CBE468001AFB4B /* main.m in Sources */ = {isa = PBXBuildFile; fileRef = 5E2FE11222CBE468001AFB4B /* main.m */; };
		5E2FE11B22CC03BF001AFB4B /* SelectDayCollectionViewCell.m in Sources */ = {isa = PBXBuildFile; fileRef = 5E2FE11A22CC03BF001AFB4B /* SelectDayCollectionViewCell.m */; };
/* End PBXBuildFile section */

/* Begin PBXFileReference section */
		5E0CBDF522CCEE5100DC17FD /* Eventlayout.h */ = {isa = PBXFileReference; lastKnownFileType = sourcecode.c.h; path = Eventlayout.h; sourceTree = "<group>"; };
		5E0CBDF622CCEE5100DC17FD /* Eventlayout.m */ = {isa = PBXFileReference; lastKnownFileType = sourcecode.c.objc; path = Eventlayout.m; sourceTree = "<group>"; };
		5E0CBDF822CCEF5500DC17FD /* GridLine.h */ = {isa = PBXFileReference; lastKnownFileType = sourcecode.c.h; path = GridLine.h; sourceTree = "<group>"; };
		5E0CBDF922CCEF5500DC17FD /* GridLine.m */ = {isa = PBXFileReference; lastKnownFileType = sourcecode.c.objc; path = GridLine.m; sourceTree = "<group>"; };
		5E0CBDFB22CCEF6A00DC17FD /* TimeLabel.h */ = {isa = PBXFileReference; lastKnownFileType = sourcecode.c.h; path = TimeLabel.h; sourceTree = "<group>"; };
		5E0CBDFC22CCEF6A00DC17FD /* TimeLabel.m */ = {isa = PBXFileReference; lastKnownFileType = sourcecode.c.objc; path = TimeLabel.m; sourceTree = "<group>"; };
		5E0CBDFE22CCEF8100DC17FD /* CurrentTime.h */ = {isa = PBXFileReference; lastKnownFileType = sourcecode.c.h; path = CurrentTime.h; sourceTree = "<group>"; };
		5E0CBDFF22CCEF8100DC17FD /* CurrentTime.m */ = {isa = PBXFileReference; lastKnownFileType = sourcecode.c.objc; path = CurrentTime.m; sourceTree = "<group>"; };
		5E0CBE0122CCF08200DC17FD /* DayEventViewManager.h */ = {isa = PBXFileReference; lastKnownFileType = sourcecode.c.h; path = DayEventViewManager.h; sourceTree = "<group>"; };
		5E0CBE0222CCF08200DC17FD /* DayEventViewManager.m */ = {isa = PBXFileReference; lastKnownFileType = sourcecode.c.objc; path = DayEventViewManager.m; sourceTree = "<group>"; };
		5E0CBE0422CCF23200DC17FD /* EventCollectionViewCell.h */ = {isa = PBXFileReference; lastKnownFileType = sourcecode.c.h; path = EventCollectionViewCell.h; sourceTree = "<group>"; };
		5E0CBE0522CCF23200DC17FD /* EventCollectionViewCell.m */ = {isa = PBXFileReference; lastKnownFileType = sourcecode.c.objc; path = EventCollectionViewCell.m; sourceTree = "<group>"; };
		5E2FE10022CBE465001AFB4B /* CustomCalendar.app */ = {isa = PBXFileReference; explicitFileType = wrapper.application; includeInIndex = 0; path = CustomCalendar.app; sourceTree = BUILT_PRODUCTS_DIR; };
		5E2FE10322CBE465001AFB4B /* AppDelegate.h */ = {isa = PBXFileReference; lastKnownFileType = sourcecode.c.h; path = AppDelegate.h; sourceTree = "<group>"; };
		5E2FE10422CBE465001AFB4B /* AppDelegate.m */ = {isa = PBXFileReference; lastKnownFileType = sourcecode.c.objc; path = AppDelegate.m; sourceTree = "<group>"; };
		5E2FE10622CBE465001AFB4B /* ViewController.h */ = {isa = PBXFileReference; lastKnownFileType = sourcecode.c.h; path = ViewController.h; sourceTree = "<group>"; };
		5E2FE10722CBE465001AFB4B /* ViewController.m */ = {isa = PBXFileReference; lastKnownFileType = sourcecode.c.objc; path = ViewController.m; sourceTree = "<group>"; };
		5E2FE10A22CBE465001AFB4B /* Base */ = {isa = PBXFileReference; lastKnownFileType = file.storyboard; name = Base; path = Base.lproj/Main.storyboard; sourceTree = "<group>"; };
		5E2FE10C22CBE468001AFB4B /* Assets.xcassets */ = {isa = PBXFileReference; lastKnownFileType = folder.assetcatalog; path = Assets.xcassets; sourceTree = "<group>"; };
		5E2FE10F22CBE468001AFB4B /* Base */ = {isa = PBXFileReference; lastKnownFileType = file.storyboard; name = Base; path = Base.lproj/LaunchScreen.storyboard; sourceTree = "<group>"; };
		5E2FE11122CBE468001AFB4B /* Info.plist */ = {isa = PBXFileReference; lastKnownFileType = text.plist.xml; path = Info.plist; sourceTree = "<group>"; };
		5E2FE11222CBE468001AFB4B /* main.m */ = {isa = PBXFileReference; lastKnownFileType = sourcecode.c.objc; path = main.m; sourceTree = "<group>"; };
		5E2FE11922CC03BF001AFB4B /* SelectDayCollectionViewCell.h */ = {isa = PBXFileReference; lastKnownFileType = sourcecode.c.h; path = SelectDayCollectionViewCell.h; sourceTree = "<group>"; };
		5E2FE11A22CC03BF001AFB4B /* SelectDayCollectionViewCell.m */ = {isa = PBXFileReference; lastKnownFileType = sourcecode.c.objc; path = SelectDayCollectionViewCell.m; sourceTree = "<group>"; };
/* End PBXFileReference section */

/* Begin PBXFrameworksBuildPhase section */
		5E2FE0FD22CBE465001AFB4B /* Frameworks */ = {
			isa = PBXFrameworksBuildPhase;
			buildActionMask = 2147483647;
			files = (
			);
			runOnlyForDeploymentPostprocessing = 0;
		};
/* End PBXFrameworksBuildPhase section */

/* Begin PBXGroup section */
		5E2FE0F722CBE464001AFB4B = {
			isa = PBXGroup;
			children = (
				5E2FE10222CBE465001AFB4B /* CustomCalendar */,
				5E2FE10122CBE465001AFB4B /* Products */,
			);
			sourceTree = "<group>";
		};
		5E2FE10122CBE465001AFB4B /* Products */ = {
			isa = PBXGroup;
			children = (
				5E2FE10022CBE465001AFB4B /* CustomCalendar.app */,
			);
			name = Products;
			sourceTree = "<group>";
		};
		5E2FE10222CBE465001AFB4B /* CustomCalendar */ = {
			isa = PBXGroup;
			children = (
				5E2FE10322CBE465001AFB4B /* AppDelegate.h */,
				5E2FE10422CBE465001AFB4B /* AppDelegate.m */,
				5E2FE10622CBE465001AFB4B /* ViewController.h */,
				5E2FE10722CBE465001AFB4B /* ViewController.m */,
				5E2FE11922CC03BF001AFB4B /* SelectDayCollectionViewCell.h */,
				5E2FE11A22CC03BF001AFB4B /* SelectDayCollectionViewCell.m */,
				5E2FE10922CBE465001AFB4B /* Main.storyboard */,
				5E2FE10C22CBE468001AFB4B /* Assets.xcassets */,
				5E2FE10E22CBE468001AFB4B /* LaunchScreen.storyboard */,
				5E2FE11122CBE468001AFB4B /* Info.plist */,
				5E2FE11222CBE468001AFB4B /* main.m */,
				5E0CBDF522CCEE5100DC17FD /* Eventlayout.h */,
				5E0CBDF622CCEE5100DC17FD /* Eventlayout.m */,
				5E0CBE0122CCF08200DC17FD /* DayEventViewManager.h */,
				5E0CBE0222CCF08200DC17FD /* DayEventViewManager.m */,
				5E0CBDF822CCEF5500DC17FD /* GridLine.h */,
				5E0CBDF922CCEF5500DC17FD /* GridLine.m */,
				5E0CBDFB22CCEF6A00DC17FD /* TimeLabel.h */,
				5E0CBDFC22CCEF6A00DC17FD /* TimeLabel.m */,
				5E0CBDFE22CCEF8100DC17FD /* CurrentTime.h */,
				5E0CBDFF22CCEF8100DC17FD /* CurrentTime.m */,
				5E0CBE0422CCF23200DC17FD /* EventCollectionViewCell.h */,
				5E0CBE0522CCF23200DC17FD /* EventCollectionViewCell.m */,
			);
			path = CustomCalendar;
			sourceTree = "<group>";
		};
/* End PBXGroup section */

/* Begin PBXNativeTarget section */
		5E2FE0FF22CBE465001AFB4B /* CustomCalendar */ = {
			isa = PBXNativeTarget;
			buildConfigurationList = 5E2FE11622CBE468001AFB4B /* Build configuration list for PBXNativeTarget "CustomCalendar" */;
			buildPhases = (
				5E2FE0FC22CBE465001AFB4B /* Sources */,
				5E2FE0FD22CBE465001AFB4B /* Frameworks */,
				5E2FE0FE22CBE465001AFB4B /* Resources */,
			);
			buildRules = (
			);
			dependencies = (
			);
			name = CustomCalendar;
			productName = CustomCalendar;
			productReference = 5E2FE10022CBE465001AFB4B /* CustomCalendar.app */;
			productType = "com.apple.product-type.application";
		};
/* End PBXNativeTarget section */

/* Begin PBXProject section */
		5E2FE0F822CBE464001AFB4B /* Project object */ = {
			isa = PBXProject;
			attributes = {
				LastUpgradeCheck = 1020;
				ORGANIZATIONNAME = "Иван";
				TargetAttributes = {
					5E2FE0FF22CBE465001AFB4B = {
						CreatedOnToolsVersion = 10.2.1;
					};
				};
			};
			buildConfigurationList = 5E2FE0FB22CBE465001AFB4B /* Build configuration list for PBXProject "CustomCalendar" */;
			compatibilityVersion = "Xcode 9.3";
			developmentRegion = en;
			hasScannedForEncodings = 0;
			knownRegions = (
				en,
				Base,
			);
			mainGroup = 5E2FE0F722CBE464001AFB4B;
			productRefGroup = 5E2FE10122CBE465001AFB4B /* Products */;
			projectDirPath = "";
			projectRoot = "";
			targets = (
				5E2FE0FF22CBE465001AFB4B /* CustomCalendar */,
			);
		};
/* End PBXProject section */

/* Begin PBXResourcesBuildPhase section */
		5E2FE0FE22CBE465001AFB4B /* Resources */ = {
			isa = PBXResourcesBuildPhase;
			buildActionMask = 2147483647;
			files = (
				5E2FE11022CBE468001AFB4B /* LaunchScreen.storyboard in Resources */,
				5E2FE10D22CBE468001AFB4B /* Assets.xcassets in Resources */,
				5E2FE10B22CBE465001AFB4B /* Main.storyboard in Resources */,
			);
			runOnlyForDeploymentPostprocessing = 0;
		};
/* End PBXResourcesBuildPhase section */

/* Begin PBXSourcesBuildPhase section */
		5E2FE0FC22CBE465001AFB4B /* Sources */ = {
			isa = PBXSourcesBuildPhase;
			buildActionMask = 2147483647;
			files = (
				5E0CBE0322CCF08200DC17FD /* DayEventViewManager.m in Sources */,
				5E2FE10822CBE465001AFB4B /* ViewController.m in Sources */,
				5E0CBDF722CCEE5100DC17FD /* Eventlayout.m in Sources */,
				5E0CBE0022CCEF8100DC17FD /* CurrentTime.m in Sources */,
				5E2FE11B22CC03BF001AFB4B /* SelectDayCollectionViewCell.m in Sources */,
				5E0CBE0622CCF23200DC17FD /* EventCollectionViewCell.m in Sources */,
				5E0CBDFA22CCEF5500DC17FD /* GridLine.m in Sources */,
				5E2FE11322CBE468001AFB4B /* main.m in Sources */,
				5E2FE10522CBE465001AFB4B /* AppDelegate.m in Sources */,
				5E0CBDFD22CCEF6A00DC17FD /* TimeLabel.m in Sources */,
			);
			runOnlyForDeploymentPostprocessing = 0;
		};
/* End PBXSourcesBuildPhase section */

/* Begin PBXVariantGroup section */
		5E2FE10922CBE465001AFB4B /* Main.storyboard */ = {
			isa = PBXVariantGroup;
			children = (
				5E2FE10A22CBE465001AFB4B /* Base */,
			);
			name = Main.storyboard;
			sourceTree = "<group>";
		};
		5E2FE10E22CBE468001AFB4B /* LaunchScreen.storyboard */ = {
			isa = PBXVariantGroup;
			children = (
				5E2FE10F22CBE468001AFB4B /* Base */,
			);
			name = LaunchScreen.storyboard;
			sourceTree = "<group>";
		};
/* End PBXVariantGroup section */

/* Begin XCBuildConfiguration section */
		5E2FE11422CBE468001AFB4B /* Debug */ = {
			isa = XCBuildConfiguration;
			buildSettings = {
				ALWAYS_SEARCH_USER_PATHS = NO;
				CLANG_ANALYZER_NONNULL = YES;
				CLANG_ANALYZER_NUMBER_OBJECT_CONVERSION = YES_AGGRESSIVE;
				CLANG_CXX_LANGUAGE_STANDARD = "gnu++14";
				CLANG_CXX_LIBRARY = "libc++";
				CLANG_ENABLE_MODULES = YES;
				CLANG_ENABLE_OBJC_ARC = YES;
				CLANG_ENABLE_OBJC_WEAK = YES;
				CLANG_WARN_BLOCK_CAPTURE_AUTORELEASING = YES;
				CLANG_WARN_BOOL_CONVERSION = YES;
				CLANG_WARN_COMMA = YES;
				CLANG_WARN_CONSTANT_CONVERSION = YES;
				CLANG_WARN_DEPRECATED_OBJC_IMPLEMENTATIONS = YES;
				CLANG_WARN_DIRECT_OBJC_ISA_USAGE = YES_ERROR;
				CLANG_WARN_DOCUMENTATION_COMMENTS = YES;
				CLANG_WARN_EMPTY_BODY = YES;
				CLANG_WARN_ENUM_CONVERSION = YES;
				CLANG_WARN_INFINITE_RECURSION = YES;
				CLANG_WARN_INT_CONVERSION = YES;
				CLANG_WARN_NON_LITERAL_NULL_CONVERSION = YES;
				CLANG_WARN_OBJC_IMPLICIT_RETAIN_SELF = YES;
				CLANG_WARN_OBJC_LITERAL_CONVERSION = YES;
				CLANG_WARN_OBJC_ROOT_CLASS = YES_ERROR;
				CLANG_WARN_RANGE_LOOP_ANALYSIS = YES;
				CLANG_WARN_STRICT_PROTOTYPES = YES;
				CLANG_WARN_SUSPICIOUS_MOVE = YES;
				CLANG_WARN_UNGUARDED_AVAILABILITY = YES_AGGRESSIVE;
				CLANG_WARN_UNREACHABLE_CODE = YES;
				CLANG_WARN__DUPLICATE_METHOD_MATCH = YES;
				CODE_SIGN_IDENTITY = "iPhone Developer";
				COPY_PHASE_STRIP = NO;
				DEBUG_INFORMATION_FORMAT = dwarf;
				ENABLE_STRICT_OBJC_MSGSEND = YES;
				ENABLE_TESTABILITY = YES;
				GCC_C_LANGUAGE_STANDARD = gnu11;
				GCC_DYNAMIC_NO_PIC = NO;
				GCC_NO_COMMON_BLOCKS = YES;
				GCC_OPTIMIZATION_LEVEL = 0;
				GCC_PREPROCESSOR_DEFINITIONS = (
					"DEBUG=1",
					"$(inherited)",
				);
				GCC_WARN_64_TO_32_BIT_CONVERSION = YES;
				GCC_WARN_ABOUT_RETURN_TYPE = YES_ERROR;
				GCC_WARN_UNDECLARED_SELECTOR = YES;
				GCC_WARN_UNINITIALIZED_AUTOS = YES_AGGRESSIVE;
				GCC_WARN_UNUSED_FUNCTION = YES;
				GCC_WARN_UNUSED_VARIABLE = YES;
				IPHONEOS_DEPLOYMENT_TARGET = 12.2;
				MTL_ENABLE_DEBUG_INFO = INCLUDE_SOURCE;
				MTL_FAST_MATH = YES;
				ONLY_ACTIVE_ARCH = YES;
				SDKROOT = iphoneos;
			};
			name = Debug;
		};
		5E2FE11522CBE468001AFB4B /* Release */ = {
			isa = XCBuildConfiguration;
			buildSettings = {
				ALWAYS_SEARCH_USER_PATHS = NO;
				CLANG_ANALYZER_NONNULL = YES;
				CLANG_ANALYZER_NUMBER_OBJECT_CONVERSION = YES_AGGRESSIVE;
				CLANG_CXX_LANGUAGE_STANDARD = "gnu++14";
				CLANG_CXX_LIBRARY = "libc++";
				CLANG_ENABLE_MODULES = YES;
				CLANG_ENABLE_OBJC_ARC = YES;
				CLANG_ENABLE_OBJC_WEAK = YES;
				CLANG_WARN_BLOCK_CAPTURE_AUTORELEASING = YES;
				CLANG_WARN_BOOL_CONVERSION = YES;
				CLANG_WARN_COMMA = YES;
				CLANG_WARN_CONSTANT_CONVERSION = YES;
				CLANG_WARN_DEPRECATED_OBJC_IMPLEMENTATIONS = YES;
				CLANG_WARN_DIRECT_OBJC_ISA_USAGE = YES_ERROR;
				CLANG_WARN_DOCUMENTATION_COMMENTS = YES;
				CLANG_WARN_EMPTY_BODY = YES;
				CLANG_WARN_ENUM_CONVERSION = YES;
				CLANG_WARN_INFINITE_RECURSION = YES;
				CLANG_WARN_INT_CONVERSION = YES;
				CLANG_WARN_NON_LITERAL_NULL_CONVERSION = YES;
				CLANG_WARN_OBJC_IMPLICIT_RETAIN_SELF = YES;
				CLANG_WARN_OBJC_LITERAL_CONVERSION = YES;
				CLANG_WARN_OBJC_ROOT_CLASS = YES_ERROR;
				CLANG_WARN_RANGE_LOOP_ANALYSIS = YES;
				CLANG_WARN_STRICT_PROTOTYPES = YES;
				CLANG_WARN_SUSPICIOUS_MOVE = YES;
				CLANG_WARN_UNGUARDED_AVAILABILITY = YES_AGGRESSIVE;
				CLANG_WARN_UNREACHABLE_CODE = YES;
				CLANG_WARN__DUPLICATE_METHOD_MATCH = YES;
				CODE_SIGN_IDENTITY = "iPhone Developer";
				COPY_PHASE_STRIP = NO;
				DEBUG_INFORMATION_FORMAT = "dwarf-with-dsym";
				ENABLE_NS_ASSERTIONS = NO;
				ENABLE_STRICT_OBJC_MSGSEND = YES;
				GCC_C_LANGUAGE_STANDARD = gnu11;
				GCC_NO_COMMON_BLOCKS = YES;
				GCC_WARN_64_TO_32_BIT_CONVERSION = YES;
				GCC_WARN_ABOUT_RETURN_TYPE = YES_ERROR;
				GCC_WARN_UNDECLARED_SELECTOR = YES;
				GCC_WARN_UNINITIALIZED_AUTOS = YES_AGGRESSIVE;
				GCC_WARN_UNUSED_FUNCTION = YES;
				GCC_WARN_UNUSED_VARIABLE = YES;
				IPHONEOS_DEPLOYMENT_TARGET = 12.2;
				MTL_ENABLE_DEBUG_INFO = NO;
				MTL_FAST_MATH = YES;
				SDKROOT = iphoneos;
				VALIDATE_PRODUCT = YES;
			};
			name = Release;
		};
		5E2FE11722CBE468001AFB4B /* Debug */ = {
			isa = XCBuildConfiguration;
			buildSettings = {
				ASSETCATALOG_COMPILER_APPICON_NAME = AppIcon;
				CODE_SIGN_STYLE = Automatic;
				DEVELOPMENT_TEAM = 2CQZFRP8LD;
				INFOPLIST_FILE = CustomCalendar/Info.plist;
				LD_RUNPATH_SEARCH_PATHS = (
					"$(inherited)",
					"@executable_path/Frameworks",
				);
				PRODUCT_BUNDLE_IDENTIFIER = "horns-and-hooves.CustomCalendar";
				PRODUCT_NAME = "$(TARGET_NAME)";
				TARGETED_DEVICE_FAMILY = "1,2";
			};
			name = Debug;
		};
		5E2FE11822CBE468001AFB4B /* Release */ = {
			isa = XCBuildConfiguration;
			buildSettings = {
				ASSETCATALOG_COMPILER_APPICON_NAME = AppIcon;
				CODE_SIGN_STYLE = Automatic;
				DEVELOPMENT_TEAM = 2CQZFRP8LD;
				INFOPLIST_FILE = CustomCalendar/Info.plist;
				LD_RUNPATH_SEARCH_PATHS = (
					"$(inherited)",
					"@executable_path/Frameworks",
				);
				PRODUCT_BUNDLE_IDENTIFIER = "horns-and-hooves.CustomCalendar";
				PRODUCT_NAME = "$(TARGET_NAME)";
				TARGETED_DEVICE_FAMILY = "1,2";
			};
			name = Release;
		};
/* End XCBuildConfiguration section */

/* Begin XCConfigurationList section */
		5E2FE0FB22CBE465001AFB4B /* Build configuration list for PBXProject "CustomCalendar" */ = {
			isa = XCConfigurationList;
			buildConfigurations = (
				5E2FE11422CBE468001AFB4B /* Debug */,
				5E2FE11522CBE468001AFB4B /* Release */,
			);
			defaultConfigurationIsVisible = 0;
			defaultConfigurationName = Release;
		};
		5E2FE11622CBE468001AFB4B /* Build configuration list for PBXNativeTarget "CustomCalendar" */ = {
			isa = XCConfigurationList;
			buildConfigurations = (
				5E2FE11722CBE468001AFB4B /* Debug */,
				5E2FE11822CBE468001AFB4B /* Release */,
			);
			defaultConfigurationIsVisible = 0;
			defaultConfigurationName = Release;
		};
/* End XCConfigurationList section */
	};
	rootObject = 5E2FE0F822CBE464001AFB4B /* Project object */;
}
